Microsoft Visual Studio Solution File, Format Version 12.00
# Visual Studio Version 16
VisualStudioVersion = 16.0.0.0
MinimumVisualStudioVersion = 16.0.0.0
Project("{9A19103F-16F7-4668-BE54-9A1E7A4F7556}") = "BlazorIndexDbDemo", "BlazorIndexDbDemo\BlazorIndexDbDemo.csproj", "{0F023698-AEEF-4D95-BE77-2516A6BB0DE8}"
EndProject
Project("{9A19103F-16F7-4668-BE54-9A1E7A4F7556}") = "BlazorIndexDbDemo.Client", "BlazorIndexDbDemo.Client\BlazorIndexDbDemo.Client.csproj", "{D4F7316F-D291-4DBD-89AE-2228A7D3E185}"
EndProject
Global
	GlobalSection(SolutionConfigurationPlatforms) = preSolution
		Debug|Any CPU = Debug|Any CPU
		Debug|x64 = Debug|x64
		Debug|x86 = Debug|x86
		Release|Any CPU = Release|Any CPU
		Release|x64 = Release|x64
		Release|x86 = Release|x86
	EndGlobalSection
	GlobalSection(ProjectConfigurationPlatforms) = postSolution
		{D4F7316F-D291-4DBD-89AE-2228A7D3E185}.Debug|Any CPU.ActiveCfg = Debug|Any CPU
		{D4F7316F-D291-4DBD-89AE-2228A7D3E185}.Debug|Any CPU.Build.0 = Debug|Any CPU
		{D4F7316F-D291-4DBD-89AE-2228A7D3E185}.Debug|x64.ActiveCfg = Debug|Any CPU
		{D4F7316F-D291-4DBD-89AE-2228A7D3E185}.Debug|x64.Build.0 = Debug|Any CPU
		{D4F7316F-D291-4DBD-89AE-2228A7D3E185}.Debug|x86.ActiveCfg = Debug|Any CPU
		{D4F7316F-D291-4DBD-89AE-2228A7D3E185}.Debug|x86.Build.0 = Debug|Any CPU
		{D4F7316F-D291-4DBD-89AE-2228A7D3E185}.Release|Any CPU.ActiveCfg = Release|Any CPU
		{D4F7316F-D291-4DBD-89AE-2228A7D3E185}.Release|Any CPU.Build.0 = Release|Any CPU
		{D4F7316F-D291-4DBD-89AE-2228A7D3E185}.Release|x64.ActiveCfg = Release|Any CPU
		{D4F7316F-D291-4DBD-89AE-2228A7D3E185}.Release|x64.Build.0 = Release|Any CPU
		{D4F7316F-D291-4DBD-89AE-2228A7D3E185}.Release|x86.ActiveCfg = Release|Any CPU
		{D4F7316F-D291-4DBD-89AE-2228A7D3E185}.Release|x86.Build.0 = Release|Any CPU
		{0F023698-AEEF-4D95-BE77-2516A6BB0DE8}.Debug|Any CPU.ActiveCfg = Debug|Any CPU
		{0F023698-AEEF-4D95-BE77-2516A6BB0DE8}.Debug|Any CPU.Build.0 = Debug|Any CPU
		{0F023698-AEEF-4D95-BE77-2516A6BB0DE8}.Debug|x64.ActiveCfg = Debug|Any CPU
		{0F023698-AEEF-4D95-BE77-2516A6BB0DE8}.Debug|x64.Build.0 = Debug|Any CPU
		{0F023698-AEEF-4D95-BE77-2516A6BB0DE8}.Debug|x86.ActiveCfg = Debug|Any CPU
		{0F023698-AEEF-4D95-BE77-2516A6BB0DE8}.Debug|x86.Build.0 = Debug|Any CPU
		{0F023698-AEEF-4D95-BE77-2516A6BB0DE8}.Release|Any CPU.ActiveCfg = Release|Any CPU
		{0F023698-AEEF-4D95-BE77-2516A6BB0DE8}.Release|Any CPU.Build.0 = Release|Any CPU
		{0F023698-AEEF-4D95-BE77-2516A6BB0DE8}.Release|x64.ActiveCfg = Release|Any CPU
		{0F023698-AEEF-4D95-BE77-2516A6BB0DE8}.Release|x64.Build.0 = Release|Any CPU
		{0F023698-AEEF-4D95-BE77-2516A6BB0DE8}.Release|x86.ActiveCfg = Release|Any CPU
		{0F023698-AEEF-4D95-BE77-2516A6BB0DE8}.Release|x86.Build.0 = Release|Any CPU
	EndGlobalSection
	GlobalSection(SolutionProperties) = preSolution
		HideSolutionNode = FALSE
	EndGlobalSection
	GlobalSection(ExtensibilityGlobals) = postSolution
		SolutionGuid = {0A155E96-FBD6-4F67-901A-6238443DD1B3}
	EndGlobalSection
EndGlobal
